
Microsoft Visual Studio Solution File, Format Version 12.00
# Visual Studio Version 17
VisualStudioVersion = 17.4.33213.308
MinimumVisualStudioVersion = 10.0.40219.1
Project("{FAE04EC0-301F-11D3-BF4B-00C04F79EFBC}") = "Gestione Studenti", "Gestione Studenti.csproj", "{C01C82DB-6F78-4CF1-B526-8AFABD33F576}"
EndProject
Global
	GlobalSection(SolutionConfigurationPlatforms) = preSolution
		Debug|Any CPU = Debug|Any CPU
		Release|Any CPU = Release|Any CPU
	EndGlobalSection
	GlobalSection(ProjectConfigurationPlatforms) = postSolution
		{C01C82DB-6F78-4CF1-B526-8AFABD33F576}.Debug|Any CPU.ActiveCfg = Debug|Any CPU
		{C01C82DB-6F78-4CF1-B526-8AFABD33F576}.Debug|Any CPU.Build.0 = Debug|Any CPU
		{C01C82DB-6F78-4CF1-B526-8AFABD33F576}.Release|Any CPU.ActiveCfg = Release|Any CPU
		{C01C82DB-6F78-4CF1-B526-8AFABD33F576}.Release|Any CPU.Build.0 = Release|Any CPU
	EndGlobalSection
	GlobalSection(SolutionProperties) = preSolution
		HideSolutionNode = FALSE
	EndGlobalSection
	GlobalSection(ExtensibilityGlobals) = postSolution
		SolutionGuid = {6115F8B0-9A08-48DE-9DA0-48CB52677474}
	EndGlobalSection
EndGlobal
